# This file is auto-generated. DO NOT EDIT manually.
# Generated on: 2025-11-30
# Python version: 3.11.5
#
# To regenerate:
#   pip freeze > requirements.lock
#
# To install exact versions:
#   pip install -r requirements.lock

pandas==2.1.4
numpy==1.26.2
requests==2.31.0
python-dotenv==1.0.0
tenacity==8.2.3
matplotlib==3.8.2
seaborn==0.13.0
scipy==1.11.4
statsmodels==0.14.1

# Dependencies of above packages
certifi==2023.11.17
charset-normalizer==3.3.2
contourpy==1.2.0
cycler==0.12.1
fonttools==4.47.0
idna==3.6
kiwisolver==1.4.5
packaging==23.2
patsy==0.5.6
pillow==10.1.0
pyparsing==3.1.1
python-dateutil==2.8.2
pytz==2023.3.post1
six==1.16.0
tzdata==2023.4
urllib3==2.1.0
